
Microsoft Visual Studio Solution File, Format Version 12.00
# Visual Studio 2015
Project("{FAE04EC0-301F-11D3-BF4B-00C04F79EFBC}") = "Llama.CSharp", "Llama.CSharp.csproj", "{61957446-5F10-C057-11B0-684C06D17E76}"
EndProject
Project("{FAE04EC0-301F-11D3-BF4B-00C04F79EFBC}") = "Llama.CSharp.Editor", "Llama.CSharp.Editor.csproj", "{291157CC-1BFB-AAE0-9C8F-ED5B0B9A1BBB}"
EndProject
Global
	GlobalSection(SolutionConfigurationPlatforms) = preSolution
		Debug|Any CPU = Debug|Any CPU
		Release|Any CPU = Release|Any CPU
	EndGlobalSection
	GlobalSection(ProjectConfigurationPlatforms) = postSolution
		{61957446-5F10-C057-11B0-684C06D17E76}.Debug|Any CPU.ActiveCfg = Debug|Any CPU
		{61957446-5F10-C057-11B0-684C06D17E76}.Debug|Any CPU.Build.0 = Debug|Any CPU
		{61957446-5F10-C057-11B0-684C06D17E76}.Release|Any CPU.ActiveCfg = Release|Any CPU
		{61957446-5F10-C057-11B0-684C06D17E76}.Release|Any CPU.Build.0 = Release|Any CPU
		{291157CC-1BFB-AAE0-9C8F-ED5B0B9A1BBB}.Debug|Any CPU.ActiveCfg = Debug|Any CPU
		{291157CC-1BFB-AAE0-9C8F-ED5B0B9A1BBB}.Debug|Any CPU.Build.0 = Debug|Any CPU
		{291157CC-1BFB-AAE0-9C8F-ED5B0B9A1BBB}.Release|Any CPU.ActiveCfg = Release|Any CPU
		{291157CC-1BFB-AAE0-9C8F-ED5B0B9A1BBB}.Release|Any CPU.Build.0 = Release|Any CPU
	EndGlobalSection
	GlobalSection(SolutionProperties) = preSolution
		HideSolutionNode = FALSE
	EndGlobalSection
EndGlobal
