Microsoft Visual Studio Solution File, Format Version 11.00
# Visual Studio 2008

Project("{9EF4F785-B268-9094-1212-DA6792859C51}") = "Llama", "Assembly-CSharp.csproj", "{EE4AC2EE-AAE8-0F36-6916-35711810D6D8}"
EndProject
Project("{9EF4F785-B268-9094-1212-DA6792859C51}") = "Llama", "Assembly-CSharp-Editor.csproj", "{2C67AB49-DBF8-0155-F8AF-0692587E817D}"
EndProject
Project("{9EF4F785-B268-9094-1212-DA6792859C51}") = "Llama", "Assembly-UnityScript.unityproj", "{6564DD92-DE29-90ED-59C3-BB6FD3C7CB37}"
EndProject
Global
	GlobalSection(SolutionConfigurationPlatforms) = preSolution
		Debug|Any CPU = Debug|Any CPU
		Release|Any CPU = Release|Any CPU
	EndGlobalSection
	GlobalSection(ProjectConfigurationPlatforms) = postSolution
		{EE4AC2EE-AAE8-0F36-6916-35711810D6D8}.Debug|Any CPU.ActiveCfg = Debug|Any CPU
		{EE4AC2EE-AAE8-0F36-6916-35711810D6D8}.Debug|Any CPU.Build.0 = Debug|Any CPU
		{EE4AC2EE-AAE8-0F36-6916-35711810D6D8}.Release|Any CPU.ActiveCfg = Release|Any CPU
		{EE4AC2EE-AAE8-0F36-6916-35711810D6D8}.Release|Any CPU.Build.0 = Release|Any CPU
		{2C67AB49-DBF8-0155-F8AF-0692587E817D}.Debug|Any CPU.ActiveCfg = Debug|Any CPU
		{2C67AB49-DBF8-0155-F8AF-0692587E817D}.Debug|Any CPU.Build.0 = Debug|Any CPU
		{2C67AB49-DBF8-0155-F8AF-0692587E817D}.Release|Any CPU.ActiveCfg = Release|Any CPU
		{2C67AB49-DBF8-0155-F8AF-0692587E817D}.Release|Any CPU.Build.0 = Release|Any CPU
		{6564DD92-DE29-90ED-59C3-BB6FD3C7CB37}.Debug|Any CPU.ActiveCfg = Debug|Any CPU
		{6564DD92-DE29-90ED-59C3-BB6FD3C7CB37}.Debug|Any CPU.Build.0 = Debug|Any CPU
		{6564DD92-DE29-90ED-59C3-BB6FD3C7CB37}.Release|Any CPU.ActiveCfg = Release|Any CPU
		{6564DD92-DE29-90ED-59C3-BB6FD3C7CB37}.Release|Any CPU.Build.0 = Release|Any CPU
	EndGlobalSection
	GlobalSection(SolutionProperties) = preSolution
		HideSolutionNode = FALSE
	EndGlobalSection
			GlobalSection(MonoDevelopProperties) = preSolution
		StartupItem = Assembly-CSharp.csproj
		Policies = $0
		$0.TextStylePolicy = $1
		$1.inheritsSet = null
		$1.scope = text/x-csharp
		$0.CSharpFormattingPolicy = $2
		$2.inheritsSet = Mono
		$2.inheritsScope = text/x-csharp
		$2.scope = text/x-csharp
		$0.TextStylePolicy = $3
		$3.FileWidth = 120
		$3.TabWidth = 4
		$3.IndentWidth = 4
		$3.EolMarker = Unix
		$3.inheritsSet = Mono
		$3.inheritsScope = text/plain
		$3.scope = text/plain
	EndGlobalSection

EndGlobal
